
Microsoft Visual Studio Solution File, Format Version 12.00
# Visual Studio 15
VisualStudioVersion = 15.0.28307.779
MinimumVisualStudioVersion = 10.0.40219.1
Project("{FAE04EC0-301F-11D3-BF4B-00C04F79EFBC}") = "Homework03.Android", "Homework03\Homework03.Android\Homework03.Android.csproj", "{811F57D8-F255-4E89-ADE6-7356711A7859}"
EndProject
Project("{FAE04EC0-301F-11D3-BF4B-00C04F79EFBC}") = "Homework03.iOS", "Homework03\Homework03.iOS\Homework03.iOS.csproj", "{42F986DF-7E6E-4820-A6C9-0B8AA5EFCA8A}"
EndProject
Project("{FAE04EC0-301F-11D3-BF4B-00C04F79EFBC}") = "Homework03", "Homework03\Homework03\Homework03.csproj", "{AF67FF20-E9DD-45F0-82F1-C13E519DC435}"
EndProject
Global
	GlobalSection(SolutionConfigurationPlatforms) = preSolution
		Ad-Hoc|Any CPU = Ad-Hoc|Any CPU
		Ad-Hoc|iPhone = Ad-Hoc|iPhone
		Ad-Hoc|iPhoneSimulator = Ad-Hoc|iPhoneSimulator
		AppStore|Any CPU = AppStore|Any CPU
		AppStore|iPhone = AppStore|iPhone
		AppStore|iPhoneSimulator = AppStore|iPhoneSimulator
		Debug|Any CPU = Debug|Any CPU
		Debug|iPhone = Debug|iPhone
		Debug|iPhoneSimulator = Debug|iPhoneSimulator
		Release|Any CPU = Release|Any CPU
		Release|iPhone = Release|iPhone
		Release|iPhoneSimulator = Release|iPhoneSimulator
	EndGlobalSection
	GlobalSection(ProjectConfigurationPlatforms) = postSolution
		{811F57D8-F255-4E89-ADE6-7356711A7859}.Ad-Hoc|Any CPU.ActiveCfg = Release|Any CPU
		{811F57D8-F255-4E89-ADE6-7356711A7859}.Ad-Hoc|Any CPU.Build.0 = Release|Any CPU
		{811F57D8-F255-4E89-ADE6-7356711A7859}.Ad-Hoc|Any CPU.Deploy.0 = Release|Any CPU
		{811F57D8-F255-4E89-ADE6-7356711A7859}.Ad-Hoc|iPhone.ActiveCfg = Release|Any CPU
		{811F57D8-F255-4E89-ADE6-7356711A7859}.Ad-Hoc|iPhone.Build.0 = Release|Any CPU
		{811F57D8-F255-4E89-ADE6-7356711A7859}.Ad-Hoc|iPhone.Deploy.0 = Release|Any CPU
		{811F57D8-F255-4E89-ADE6-7356711A7859}.Ad-Hoc|iPhoneSimulator.ActiveCfg = Release|Any CPU
		{811F57D8-F255-4E89-ADE6-7356711A7859}.Ad-Hoc|iPhoneSimulator.Build.0 = Release|Any CPU
		{811F57D8-F255-4E89-ADE6-7356711A7859}.Ad-Hoc|iPhoneSimulator.Deploy.0 = Release|Any CPU
		{811F57D8-F255-4E89-ADE6-7356711A7859}.AppStore|Any CPU.ActiveCfg = Release|Any CPU
		{811F57D8-F255-4E89-ADE6-7356711A7859}.AppStore|Any CPU.Build.0 = Release|Any CPU
		{811F57D8-F255-4E89-ADE6-7356711A7859}.AppStore|Any CPU.Deploy.0 = Release|Any CPU
		{811F57D8-F255-4E89-ADE6-7356711A7859}.AppStore|iPhone.ActiveCfg = Release|Any CPU
		{811F57D8-F255-4E89-ADE6-7356711A7859}.AppStore|iPhone.Build.0 = Release|Any CPU
		{811F57D8-F255-4E89-ADE6-7356711A7859}.AppStore|iPhone.Deploy.0 = Release|Any CPU
		{811F57D8-F255-4E89-ADE6-7356711A7859}.AppStore|iPhoneSimulator.ActiveCfg = Release|Any CPU
		{811F57D8-F255-4E89-ADE6-7356711A7859}.AppStore|iPhoneSimulator.Build.0 = Release|Any CPU
		{811F57D8-F255-4E89-ADE6-7356711A7859}.AppStore|iPhoneSimulator.Deploy.0 = Release|Any CPU
		{811F57D8-F255-4E89-ADE6-7356711A7859}.Debug|Any CPU.ActiveCfg = Debug|Any CPU
		{811F57D8-F255-4E89-ADE6-7356711A7859}.Debug|Any CPU.Build.0 = Debug|Any CPU
		{811F57D8-F255-4E89-ADE6-7356711A7859}.Debug|Any CPU.Deploy.0 = Debug|Any CPU
		{811F57D8-F255-4E89-ADE6-7356711A7859}.Debug|iPhone.ActiveCfg = Debug|Any CPU
		{811F57D8-F255-4E89-ADE6-7356711A7859}.Debug|iPhone.Build.0 = Debug|Any CPU
		{811F57D8-F255-4E89-ADE6-7356711A7859}.Debug|iPhone.Deploy.0 = Debug|Any CPU
		{811F57D8-F255-4E89-ADE6-7356711A7859}.Debug|iPhoneSimulator.ActiveCfg = Debug|Any CPU
		{811F57D8-F255-4E89-ADE6-7356711A7859}.Debug|iPhoneSimulator.Build.0 = Debug|Any CPU
		{811F57D8-F255-4E89-ADE6-7356711A7859}.Debug|iPhoneSimulator.Deploy.0 = Debug|Any CPU
		{811F57D8-F255-4E89-ADE6-7356711A7859}.Release|Any CPU.ActiveCfg = Release|Any CPU
		{811F57D8-F255-4E89-ADE6-7356711A7859}.Release|Any CPU.Build.0 = Release|Any CPU
		{811F57D8-F255-4E89-ADE6-7356711A7859}.Release|Any CPU.Deploy.0 = Release|Any CPU
		{811F57D8-F255-4E89-ADE6-7356711A7859}.Release|iPhone.ActiveCfg = Release|Any CPU
		{811F57D8-F255-4E89-ADE6-7356711A7859}.Release|iPhone.Build.0 = Release|Any CPU
		{811F57D8-F255-4E89-ADE6-7356711A7859}.Release|iPhone.Deploy.0 = Release|Any CPU
		{811F57D8-F255-4E89-ADE6-7356711A7859}.Release|iPhoneSimulator.ActiveCfg = Release|Any CPU
		{811F57D8-F255-4E89-ADE6-7356711A7859}.Release|iPhoneSimulator.Build.0 = Release|Any CPU
		{811F57D8-F255-4E89-ADE6-7356711A7859}.Release|iPhoneSimulator.Deploy.0 = Release|Any CPU
		{42F986DF-7E6E-4820-A6C9-0B8AA5EFCA8A}.Ad-Hoc|Any CPU.ActiveCfg = Ad-Hoc|iPhone
		{42F986DF-7E6E-4820-A6C9-0B8AA5EFCA8A}.Ad-Hoc|Any CPU.Build.0 = Ad-Hoc|iPhone
		{42F986DF-7E6E-4820-A6C9-0B8AA5EFCA8A}.Ad-Hoc|Any CPU.Deploy.0 = Ad-Hoc|iPhone
		{42F986DF-7E6E-4820-A6C9-0B8AA5EFCA8A}.Ad-Hoc|iPhone.ActiveCfg = Ad-Hoc|iPhone
		{42F986DF-7E6E-4820-A6C9-0B8AA5EFCA8A}.Ad-Hoc|iPhone.Build.0 = Ad-Hoc|iPhone
		{42F986DF-7E6E-4820-A6C9-0B8AA5EFCA8A}.Ad-Hoc|iPhone.Deploy.0 = Ad-Hoc|iPhone
		{42F986DF-7E6E-4820-A6C9-0B8AA5EFCA8A}.Ad-Hoc|iPhoneSimulator.ActiveCfg = Ad-Hoc|iPhoneSimulator
		{42F986DF-7E6E-4820-A6C9-0B8AA5EFCA8A}.Ad-Hoc|iPhoneSimulator.Build.0 = Ad-Hoc|iPhoneSimulator
		{42F986DF-7E6E-4820-A6C9-0B8AA5EFCA8A}.Ad-Hoc|iPhoneSimulator.Deploy.0 = Ad-Hoc|iPhoneSimulator
		{42F986DF-7E6E-4820-A6C9-0B8AA5EFCA8A}.AppStore|Any CPU.ActiveCfg = AppStore|iPhone
		{42F986DF-7E6E-4820-A6C9-0B8AA5EFCA8A}.AppStore|Any CPU.Build.0 = AppStore|iPhone
		{42F986DF-7E6E-4820-A6C9-0B8AA5EFCA8A}.AppStore|Any CPU.Deploy.0 = AppStore|iPhone
		{42F986DF-7E6E-4820-A6C9-0B8AA5EFCA8A}.AppStore|iPhone.ActiveCfg = AppStore|iPhone
		{42F986DF-7E6E-4820-A6C9-0B8AA5EFCA8A}.AppStore|iPhone.Build.0 = AppStore|iPhone
		{42F986DF-7E6E-4820-A6C9-0B8AA5EFCA8A}.AppStore|iPhone.Deploy.0 = AppStore|iPhone
		{42F986DF-7E6E-4820-A6C9-0B8AA5EFCA8A}.AppStore|iPhoneSimulator.ActiveCfg = AppStore|iPhoneSimulator
		{42F986DF-7E6E-4820-A6C9-0B8AA5EFCA8A}.AppStore|iPhoneSimulator.Build.0 = AppStore|iPhoneSimulator
		{42F986DF-7E6E-4820-A6C9-0B8AA5EFCA8A}.AppStore|iPhoneSimulator.Deploy.0 = AppStore|iPhoneSimulator
		{42F986DF-7E6E-4820-A6C9-0B8AA5EFCA8A}.Debug|Any CPU.ActiveCfg = Debug|iPhoneSimulator
		{42F986DF-7E6E-4820-A6C9-0B8AA5EFCA8A}.Debug|Any CPU.Build.0 = Debug|iPhoneSimulator
		{42F986DF-7E6E-4820-A6C9-0B8AA5EFCA8A}.Debug|Any CPU.Deploy.0 = Debug|iPhoneSimulator
		{42F986DF-7E6E-4820-A6C9-0B8AA5EFCA8A}.Debug|iPhone.ActiveCfg = Debug|iPhone
		{42F986DF-7E6E-4820-A6C9-0B8AA5EFCA8A}.Debug|iPhone.Build.0 = Debug|iPhone
		{42F986DF-7E6E-4820-A6C9-0B8AA5EFCA8A}.Debug|iPhone.Deploy.0 = Debug|iPhone
		{42F986DF-7E6E-4820-A6C9-0B8AA5EFCA8A}.Debug|iPhoneSimulator.ActiveCfg = Debug|iPhoneSimulator
		{42F986DF-7E6E-4820-A6C9-0B8AA5EFCA8A}.Debug|iPhoneSimulator.Build.0 = Debug|iPhoneSimulator
		{42F986DF-7E6E-4820-A6C9-0B8AA5EFCA8A}.Debug|iPhoneSimulator.Deploy.0 = Debug|iPhoneSimulator
		{42F986DF-7E6E-4820-A6C9-0B8AA5EFCA8A}.Release|Any CPU.ActiveCfg = Release|iPhone
		{42F986DF-7E6E-4820-A6C9-0B8AA5EFCA8A}.Release|Any CPU.Build.0 = Release|iPhone
		{42F986DF-7E6E-4820-A6C9-0B8AA5EFCA8A}.Release|Any CPU.Deploy.0 = Release|iPhone
		{42F986DF-7E6E-4820-A6C9-0B8AA5EFCA8A}.Release|iPhone.ActiveCfg = Release|iPhone
		{42F986DF-7E6E-4820-A6C9-0B8AA5EFCA8A}.Release|iPhone.Build.0 = Release|iPhone
		{42F986DF-7E6E-4820-A6C9-0B8AA5EFCA8A}.Release|iPhone.Deploy.0 = Release|iPhone
		{42F986DF-7E6E-4820-A6C9-0B8AA5EFCA8A}.Release|iPhoneSimulator.ActiveCfg = Release|iPhoneSimulator
		{42F986DF-7E6E-4820-A6C9-0B8AA5EFCA8A}.Release|iPhoneSimulator.Build.0 = Release|iPhoneSimulator
		{42F986DF-7E6E-4820-A6C9-0B8AA5EFCA8A}.Release|iPhoneSimulator.Deploy.0 = Release|iPhoneSimulator
		{AF67FF20-E9DD-45F0-82F1-C13E519DC435}.Ad-Hoc|Any CPU.ActiveCfg = Debug|Any CPU
		{AF67FF20-E9DD-45F0-82F1-C13E519DC435}.Ad-Hoc|Any CPU.Build.0 = Debug|Any CPU
		{AF67FF20-E9DD-45F0-82F1-C13E519DC435}.Ad-Hoc|Any CPU.Deploy.0 = Debug|Any CPU
		{AF67FF20-E9DD-45F0-82F1-C13E519DC435}.Ad-Hoc|iPhone.ActiveCfg = Debug|Any CPU
		{AF67FF20-E9DD-45F0-82F1-C13E519DC435}.Ad-Hoc|iPhone.Build.0 = Debug|Any CPU
		{AF67FF20-E9DD-45F0-82F1-C13E519DC435}.Ad-Hoc|iPhone.Deploy.0 = Debug|Any CPU
		{AF67FF20-E9DD-45F0-82F1-C13E519DC435}.Ad-Hoc|iPhoneSimulator.ActiveCfg = Debug|Any CPU
		{AF67FF20-E9DD-45F0-82F1-C13E519DC435}.Ad-Hoc|iPhoneSimulator.Build.0 = Debug|Any CPU
		{AF67FF20-E9DD-45F0-82F1-C13E519DC435}.Ad-Hoc|iPhoneSimulator.Deploy.0 = Debug|Any CPU
		{AF67FF20-E9DD-45F0-82F1-C13E519DC435}.AppStore|Any CPU.ActiveCfg = Debug|Any CPU
		{AF67FF20-E9DD-45F0-82F1-C13E519DC435}.AppStore|Any CPU.Build.0 = Debug|Any CPU
		{AF67FF20-E9DD-45F0-82F1-C13E519DC435}.AppStore|Any CPU.Deploy.0 = Debug|Any CPU
		{AF67FF20-E9DD-45F0-82F1-C13E519DC435}.AppStore|iPhone.ActiveCfg = Debug|Any CPU
		{AF67FF20-E9DD-45F0-82F1-C13E519DC435}.AppStore|iPhone.Build.0 = Debug|Any CPU
		{AF67FF20-E9DD-45F0-82F1-C13E519DC435}.AppStore|iPhone.Deploy.0 = Debug|Any CPU
		{AF67FF20-E9DD-45F0-82F1-C13E519DC435}.AppStore|iPhoneSimulator.ActiveCfg = Debug|Any CPU
		{AF67FF20-E9DD-45F0-82F1-C13E519DC435}.AppStore|iPhoneSimulator.Build.0 = Debug|Any CPU
		{AF67FF20-E9DD-45F0-82F1-C13E519DC435}.AppStore|iPhoneSimulator.Deploy.0 = Debug|Any CPU
		{AF67FF20-E9DD-45F0-82F1-C13E519DC435}.Debug|Any CPU.ActiveCfg = Debug|Any CPU
		{AF67FF20-E9DD-45F0-82F1-C13E519DC435}.Debug|Any CPU.Build.0 = Debug|Any CPU
		{AF67FF20-E9DD-45F0-82F1-C13E519DC435}.Debug|Any CPU.Deploy.0 = Debug|Any CPU
		{AF67FF20-E9DD-45F0-82F1-C13E519DC435}.Debug|iPhone.ActiveCfg = Debug|Any CPU
		{AF67FF20-E9DD-45F0-82F1-C13E519DC435}.Debug|iPhone.Build.0 = Debug|Any CPU
		{AF67FF20-E9DD-45F0-82F1-C13E519DC435}.Debug|iPhone.Deploy.0 = Debug|Any CPU
		{AF67FF20-E9DD-45F0-82F1-C13E519DC435}.Debug|iPhoneSimulator.ActiveCfg = Debug|Any CPU
		{AF67FF20-E9DD-45F0-82F1-C13E519DC435}.Debug|iPhoneSimulator.Build.0 = Debug|Any CPU
		{AF67FF20-E9DD-45F0-82F1-C13E519DC435}.Debug|iPhoneSimulator.Deploy.0 = Debug|Any CPU
		{AF67FF20-E9DD-45F0-82F1-C13E519DC435}.Release|Any CPU.ActiveCfg = Release|Any CPU
		{AF67FF20-E9DD-45F0-82F1-C13E519DC435}.Release|Any CPU.Build.0 = Release|Any CPU
		{AF67FF20-E9DD-45F0-82F1-C13E519DC435}.Release|Any CPU.Deploy.0 = Release|Any CPU
		{AF67FF20-E9DD-45F0-82F1-C13E519DC435}.Release|iPhone.ActiveCfg = Release|Any CPU
		{AF67FF20-E9DD-45F0-82F1-C13E519DC435}.Release|iPhone.Build.0 = Release|Any CPU
		{AF67FF20-E9DD-45F0-82F1-C13E519DC435}.Release|iPhone.Deploy.0 = Release|Any CPU
		{AF67FF20-E9DD-45F0-82F1-C13E519DC435}.Release|iPhoneSimulator.ActiveCfg = Release|Any CPU
		{AF67FF20-E9DD-45F0-82F1-C13E519DC435}.Release|iPhoneSimulator.Build.0 = Release|Any CPU
		{AF67FF20-E9DD-45F0-82F1-C13E519DC435}.Release|iPhoneSimulator.Deploy.0 = Release|Any CPU
	EndGlobalSection
	GlobalSection(SolutionProperties) = preSolution
		HideSolutionNode = FALSE
	EndGlobalSection
	GlobalSection(ExtensibilityGlobals) = postSolution
		SolutionGuid = {65BE317B-7438-475C-8D31-455086201BE1}
	EndGlobalSection
EndGlobal
